// !$*UTF8*$!
{
	archiveVersion = 1;
	classes = {
	};
	objectVersion = 56;
	objects = {

/* Begin PBXBuildFile section */
		3901498829F4CD79008716CA /* Data.swift in Sources */ = {isa = PBXBuildFile; fileRef = 3901498729F4CD79008716CA /* Data.swift */; };
		3901498A29F4D2CD008716CA /* PostList.swift in Sources */ = {isa = PBXBuildFile; fileRef = 3901498929F4D2CD008716CA /* PostList.swift */; };
		3901498C29F4DA00008716CA /* Secret.swift in Sources */ = {isa = PBXBuildFile; fileRef = 3901498B29F4DA00008716CA /* Secret.swift */; };
		5C2D4F1129F46E9600D33795 /* sunset_appApp.swift in Sources */ = {isa = PBXBuildFile; fileRef = 5C2D4F1029F46E9600D33795 /* sunset_appApp.swift */; };
		5C2D4F1329F46E9600D33795 /* ContentView.swift in Sources */ = {isa = PBXBuildFile; fileRef = 5C2D4F1229F46E9600D33795 /* ContentView.swift */; };
		5C2D4F1529F46E9700D33795 /* Assets.xcassets in Resources */ = {isa = PBXBuildFile; fileRef = 5C2D4F1429F46E9700D33795 /* Assets.xcassets */; };
		5C2D4F1829F46E9700D33795 /* Preview Assets.xcassets in Resources */ = {isa = PBXBuildFile; fileRef = 5C2D4F1729F46E9700D33795 /* Preview Assets.xcassets */; };
		5C2D4F2229F46E9700D33795 /* sunset_appTests.swift in Sources */ = {isa = PBXBuildFile; fileRef = 5C2D4F2129F46E9700D33795 /* sunset_appTests.swift */; };
		5C2D4F2C29F46E9700D33795 /* sunset_appUITests.swift in Sources */ = {isa = PBXBuildFile; fileRef = 5C2D4F2B29F46E9700D33795 /* sunset_appUITests.swift */; };
		5C2D4F2E29F46E9700D33795 /* sunset_appUITestsLaunchTests.swift in Sources */ = {isa = PBXBuildFile; fileRef = 5C2D4F2D29F46E9700D33795 /* sunset_appUITestsLaunchTests.swift */; };
/* End PBXBuildFile section */

/* Begin PBXContainerItemProxy section */
		5C2D4F1E29F46E9700D33795 /* PBXContainerItemProxy */ = {
			isa = PBXContainerItemProxy;
			containerPortal = 5C2D4F0529F46E9600D33795 /* Project object */;
			proxyType = 1;
			remoteGlobalIDString = 5C2D4F0C29F46E9600D33795;
			remoteInfo = "sunset-app";
		};
		5C2D4F2829F46E9700D33795 /* PBXContainerItemProxy */ = {
			isa = PBXContainerItemProxy;
			containerPortal = 5C2D4F0529F46E9600D33795 /* Project object */;
			proxyType = 1;
			remoteGlobalIDString = 5C2D4F0C29F46E9600D33795;
			remoteInfo = "sunset-app";
		};
/* End PBXContainerItemProxy section */

/* Begin PBXFileReference section */
		3901498729F4CD79008716CA /* Data.swift */ = {isa = PBXFileReference; lastKnownFileType = sourcecode.swift; path = Data.swift; sourceTree = "<group>"; };
		3901498929F4D2CD008716CA /* PostList.swift */ = {isa = PBXFileReference; lastKnownFileType = sourcecode.swift; path = PostList.swift; sourceTree = "<group>"; };
		3901498B29F4DA00008716CA /* Secret.swift */ = {isa = PBXFileReference; fileEncoding = 4; lastKnownFileType = sourcecode.swift; path = Secret.swift; sourceTree = "<group>"; };
		5C2D4F0D29F46E9600D33795 /* sunset-app.app */ = {isa = PBXFileReference; explicitFileType = wrapper.application; includeInIndex = 0; path = "sunset-app.app"; sourceTree = BUILT_PRODUCTS_DIR; };
		5C2D4F1029F46E9600D33795 /* sunset_appApp.swift */ = {isa = PBXFileReference; lastKnownFileType = sourcecode.swift; path = sunset_appApp.swift; sourceTree = "<group>"; };
		5C2D4F1229F46E9600D33795 /* ContentView.swift */ = {isa = PBXFileReference; lastKnownFileType = sourcecode.swift; path = ContentView.swift; sourceTree = "<group>"; };
		5C2D4F1429F46E9700D33795 /* Assets.xcassets */ = {isa = PBXFileReference; lastKnownFileType = folder.assetcatalog; path = Assets.xcassets; sourceTree = "<group>"; };
		5C2D4F1729F46E9700D33795 /* Preview Assets.xcassets */ = {isa = PBXFileReference; lastKnownFileType = folder.assetcatalog; path = "Preview Assets.xcassets"; sourceTree = "<group>"; };
		5C2D4F1D29F46E9700D33795 /* sunset-appTests.xctest */ = {isa = PBXFileReference; explicitFileType = wrapper.cfbundle; includeInIndex = 0; path = "sunset-appTests.xctest"; sourceTree = BUILT_PRODUCTS_DIR; };
		5C2D4F2129F46E9700D33795 /* sunset_appTests.swift */ = {isa = PBXFileReference; lastKnownFileType = sourcecode.swift; path = sunset_appTests.swift; sourceTree = "<group>"; };
		5C2D4F2729F46E9700D33795 /* sunset-appUITests.xctest */ = {isa = PBXFileReference; explicitFileType = wrapper.cfbundle; includeInIndex = 0; path = "sunset-appUITests.xctest"; sourceTree = BUILT_PRODUCTS_DIR; };
		5C2D4F2B29F46E9700D33795 /* sunset_appUITests.swift */ = {isa = PBXFileReference; lastKnownFileType = sourcecode.swift; path = sunset_appUITests.swift; sourceTree = "<group>"; };
		5C2D4F2D29F46E9700D33795 /* sunset_appUITestsLaunchTests.swift */ = {isa = PBXFileReference; lastKnownFileType = sourcecode.swift; path = sunset_appUITestsLaunchTests.swift; sourceTree = "<group>"; };
/* End PBXFileReference section */

/* Begin PBXFrameworksBuildPhase section */
		5C2D4F0A29F46E9600D33795 /* Frameworks */ = {
			isa = PBXFrameworksBuildPhase;
			buildActionMask = 2147483647;
			files = (
			);
			runOnlyForDeploymentPostprocessing = 0;
		};
		5C2D4F1A29F46E9700D33795 /* Frameworks */ = {
			isa = PBXFrameworksBuildPhase;
			buildActionMask = 2147483647;
			files = (
			);
			runOnlyForDeploymentPostprocessing = 0;
		};
		5C2D4F2429F46E9700D33795 /* Frameworks */ = {
			isa = PBXFrameworksBuildPhase;
			buildActionMask = 2147483647;
			files = (
			);
			runOnlyForDeploymentPostprocessing = 0;
		};
/* End PBXFrameworksBuildPhase section */

/* Begin PBXGroup section */
		5C2D4F0429F46E9600D33795 = {
			isa = PBXGroup;
			children = (
				5C2D4F0F29F46E9600D33795 /* sunset-app */,
				5C2D4F2029F46E9700D33795 /* sunset-appTests */,
				5C2D4F2A29F46E9700D33795 /* sunset-appUITests */,
				5C2D4F0E29F46E9600D33795 /* Products */,
			);
			sourceTree = "<group>";
		};
		5C2D4F0E29F46E9600D33795 /* Products */ = {
			isa = PBXGroup;
			children = (
				5C2D4F0D29F46E9600D33795 /* sunset-app.app */,
				5C2D4F1D29F46E9700D33795 /* sunset-appTests.xctest */,
				5C2D4F2729F46E9700D33795 /* sunset-appUITests.xctest */,
			);
			name = Products;
			sourceTree = "<group>";
		};
		5C2D4F0F29F46E9600D33795 /* sunset-app */ = {
			isa = PBXGroup;
			children = (
				3901498B29F4DA00008716CA /* Secret.swift */,
				5C2D4F1029F46E9600D33795 /* sunset_appApp.swift */,
				5C2D4F1229F46E9600D33795 /* ContentView.swift */,
				5C2D4F1429F46E9700D33795 /* Assets.xcassets */,
				5C2D4F1629F46E9700D33795 /* Preview Content */,
				3901498729F4CD79008716CA /* Data.swift */,
				3901498929F4D2CD008716CA /* PostList.swift */,
			);
			path = "sunset-app";
			sourceTree = "<group>";
		};
		5C2D4F1629F46E9700D33795 /* Preview Content */ = {
			isa = PBXGroup;
			children = (
				5C2D4F1729F46E9700D33795 /* Preview Assets.xcassets */,
			);
			path = "Preview Content";
			sourceTree = "<group>";
		};
		5C2D4F2029F46E9700D33795 /* sunset-appTests */ = {
			isa = PBXGroup;
			children = (
				5C2D4F2129F46E9700D33795 /* sunset_appTests.swift */,
			);
			path = "sunset-appTests";
			sourceTree = "<group>";
		};
		5C2D4F2A29F46E9700D33795 /* sunset-appUITests */ = {
			isa = PBXGroup;
			children = (
				5C2D4F2B29F46E9700D33795 /* sunset_appUITests.swift */,
				5C2D4F2D29F46E9700D33795 /* sunset_appUITestsLaunchTests.swift */,
			);
			path = "sunset-appUITests";
			sourceTree = "<group>";
		};
/* End PBXGroup section */

/* Begin PBXNativeTarget section */
		5C2D4F0C29F46E9600D33795 /* sunset-app */ = {
			isa = PBXNativeTarget;
			buildConfigurationList = 5C2D4F3129F46E9700D33795 /* Build configuration list for PBXNativeTarget "sunset-app" */;
			buildPhases = (
				5C2D4F0929F46E9600D33795 /* Sources */,
				5C2D4F0A29F46E9600D33795 /* Frameworks */,
				5C2D4F0B29F46E9600D33795 /* Resources */,
			);
			buildRules = (
			);
			dependencies = (
			);
			name = "sunset-app";
			productName = "sunset-app";
			productReference = 5C2D4F0D29F46E9600D33795 /* sunset-app.app */;
			productType = "com.apple.product-type.application";
		};
		5C2D4F1C29F46E9700D33795 /* sunset-appTests */ = {
			isa = PBXNativeTarget;
			buildConfigurationList = 5C2D4F3429F46E9700D33795 /* Build configuration list for PBXNativeTarget "sunset-appTests" */;
			buildPhases = (
				5C2D4F1929F46E9700D33795 /* Sources */,
				5C2D4F1A29F46E9700D33795 /* Frameworks */,
				5C2D4F1B29F46E9700D33795 /* Resources */,
			);
			buildRules = (
			);
			dependencies = (
				5C2D4F1F29F46E9700D33795 /* PBXTargetDependency */,
			);
			name = "sunset-appTests";
			productName = "sunset-appTests";
			productReference = 5C2D4F1D29F46E9700D33795 /* sunset-appTests.xctest */;
			productType = "com.apple.product-type.bundle.unit-test";
		};
		5C2D4F2629F46E9700D33795 /* sunset-appUITests */ = {
			isa = PBXNativeTarget;
			buildConfigurationList = 5C2D4F3729F46E9700D33795 /* Build configuration list for PBXNativeTarget "sunset-appUITests" */;
			buildPhases = (
				5C2D4F2329F46E9700D33795 /* Sources */,
				5C2D4F2429F46E9700D33795 /* Frameworks */,
				5C2D4F2529F46E9700D33795 /* Resources */,
			);
			buildRules = (
			);
			dependencies = (
				5C2D4F2929F46E9700D33795 /* PBXTargetDependency */,
			);
			name = "sunset-appUITests";
			productName = "sunset-appUITests";
			productReference = 5C2D4F2729F46E9700D33795 /* sunset-appUITests.xctest */;
			productType = "com.apple.product-type.bundle.ui-testing";
		};
/* End PBXNativeTarget section */

/* Begin PBXProject section */
		5C2D4F0529F46E9600D33795 /* Project object */ = {
			isa = PBXProject;
			attributes = {
				BuildIndependentTargetsInParallel = 1;
				LastSwiftUpdateCheck = 1430;
				LastUpgradeCheck = 1430;
				TargetAttributes = {
					5C2D4F0C29F46E9600D33795 = {
						CreatedOnToolsVersion = 14.3;
					};
					5C2D4F1C29F46E9700D33795 = {
						CreatedOnToolsVersion = 14.3;
						TestTargetID = 5C2D4F0C29F46E9600D33795;
					};
					5C2D4F2629F46E9700D33795 = {
						CreatedOnToolsVersion = 14.3;
						TestTargetID = 5C2D4F0C29F46E9600D33795;
					};
				};
			};
			buildConfigurationList = 5C2D4F0829F46E9600D33795 /* Build configuration list for PBXProject "sunset-app" */;
			compatibilityVersion = "Xcode 14.0";
			developmentRegion = en;
			hasScannedForEncodings = 0;
			knownRegions = (
				en,
				Base,
			);
			mainGroup = 5C2D4F0429F46E9600D33795;
			productRefGroup = 5C2D4F0E29F46E9600D33795 /* Products */;
			projectDirPath = "";
			projectRoot = "";
			targets = (
				5C2D4F0C29F46E9600D33795 /* sunset-app */,
				5C2D4F1C29F46E9700D33795 /* sunset-appTests */,
				5C2D4F2629F46E9700D33795 /* sunset-appUITests */,
			);
		};
/* End PBXProject section */

/* Begin PBXResourcesBuildPhase section */
		5C2D4F0B29F46E9600D33795 /* Resources */ = {
			isa = PBXResourcesBuildPhase;
			buildActionMask = 2147483647;
			files = (
				5C2D4F1829F46E9700D33795 /* Preview Assets.xcassets in Resources */,
				5C2D4F1529F46E9700D33795 /* Assets.xcassets in Resources */,
			);
			runOnlyForDeploymentPostprocessing = 0;
		};
		5C2D4F1B29F46E9700D33795 /* Resources */ = {
			isa = PBXResourcesBuildPhase;
			buildActionMask = 2147483647;
			files = (
			);
			runOnlyForDeploymentPostprocessing = 0;
		};
		5C2D4F2529F46E9700D33795 /* Resources */ = {
			isa = PBXResourcesBuildPhase;
			buildActionMask = 2147483647;
			files = (
			);
			runOnlyForDeploymentPostprocessing = 0;
		};
/* End PBXResourcesBuildPhase section */

/* Begin PBXSourcesBuildPhase section */
		5C2D4F0929F46E9600D33795 /* Sources */ = {
			isa = PBXSourcesBuildPhase;
			buildActionMask = 2147483647;
			files = (
				5C2D4F1329F46E9600D33795 /* ContentView.swift in Sources */,
				3901498C29F4DA00008716CA /* Secret.swift in Sources */,
				3901498829F4CD79008716CA /* Data.swift in Sources */,
				5C2D4F1129F46E9600D33795 /* sunset_appApp.swift in Sources */,
				3901498A29F4D2CD008716CA /* PostList.swift in Sources */,
			);
			runOnlyForDeploymentPostprocessing = 0;
		};
		5C2D4F1929F46E9700D33795 /* Sources */ = {
			isa = PBXSourcesBuildPhase;
			buildActionMask = 2147483647;
			files = (
				5C2D4F2229F46E9700D33795 /* sunset_appTests.swift in Sources */,
			);
			runOnlyForDeploymentPostprocessing = 0;
		};
		5C2D4F2329F46E9700D33795 /* Sources */ = {
			isa = PBXSourcesBuildPhase;
			buildActionMask = 2147483647;
			files = (
				5C2D4F2E29F46E9700D33795 /* sunset_appUITestsLaunchTests.swift in Sources */,
				5C2D4F2C29F46E9700D33795 /* sunset_appUITests.swift in Sources */,
			);
			runOnlyForDeploymentPostprocessing = 0;
		};
/* End PBXSourcesBuildPhase section */

/* Begin PBXTargetDependency section */
		5C2D4F1F29F46E9700D33795 /* PBXTargetDependency */ = {
			isa = PBXTargetDependency;
			target = 5C2D4F0C29F46E9600D33795 /* sunset-app */;
			targetProxy = 5C2D4F1E29F46E9700D33795 /* PBXContainerItemProxy */;
		};
		5C2D4F2929F46E9700D33795 /* PBXTargetDependency */ = {
			isa = PBXTargetDependency;
			target = 5C2D4F0C29F46E9600D33795 /* sunset-app */;
			targetProxy = 5C2D4F2829F46E9700D33795 /* PBXContainerItemProxy */;
		};
/* End PBXTargetDependency section */

/* Begin XCBuildConfiguration section */
		5C2D4F2F29F46E9700D33795 /* Debug */ = {
			isa = XCBuildConfiguration;
			buildSettings = {
				ALWAYS_SEARCH_USER_PATHS = NO;
				CLANG_ANALYZER_NONNULL = YES;
				CLANG_ANALYZER_NUMBER_OBJECT_CONVERSION = YES_AGGRESSIVE;
				CLANG_CXX_LANGUAGE_STANDARD = "gnu++20";
				CLANG_ENABLE_MODULES = YES;
				CLANG_ENABLE_OBJC_ARC = YES;
				CLANG_ENABLE_OBJC_WEAK = YES;
				CLANG_WARN_BLOCK_CAPTURE_AUTORELEASING = YES;
				CLANG_WARN_BOOL_CONVERSION = YES;
				CLANG_WARN_COMMA = YES;
				CLANG_WARN_CONSTANT_CONVERSION = YES;
				CLANG_WARN_DEPRECATED_OBJC_IMPLEMENTATIONS = YES;
				CLANG_WARN_DIRECT_OBJC_ISA_USAGE = YES_ERROR;
				CLANG_WARN_DOCUMENTATION_COMMENTS = YES;
				CLANG_WARN_EMPTY_BODY = YES;
				CLANG_WARN_ENUM_CONVERSION = YES;
				CLANG_WARN_INFINITE_RECURSION = YES;
				CLANG_WARN_INT_CONVERSION = YES;
				CLANG_WARN_NON_LITERAL_NULL_CONVERSION = YES;
				CLANG_WARN_OBJC_IMPLICIT_RETAIN_SELF = YES;
				CLANG_WARN_OBJC_LITERAL_CONVERSION = YES;
				CLANG_WARN_OBJC_ROOT_CLASS = YES_ERROR;
				CLANG_WARN_QUOTED_INCLUDE_IN_FRAMEWORK_HEADER = YES;
				CLANG_WARN_RANGE_LOOP_ANALYSIS = YES;
				CLANG_WARN_STRICT_PROTOTYPES = YES;
				CLANG_WARN_SUSPICIOUS_MOVE = YES;
				CLANG_WARN_UNGUARDED_AVAILABILITY = YES_AGGRESSIVE;
				CLANG_WARN_UNREACHABLE_CODE = YES;
				CLANG_WARN__DUPLICATE_METHOD_MATCH = YES;
				COPY_PHASE_STRIP = NO;
				DEBUG_INFORMATION_FORMAT = dwarf;
				ENABLE_STRICT_OBJC_MSGSEND = YES;
				ENABLE_TESTABILITY = YES;
				GCC_C_LANGUAGE_STANDARD = gnu11;
				GCC_DYNAMIC_NO_PIC = NO;
				GCC_NO_COMMON_BLOCKS = YES;
				GCC_OPTIMIZATION_LEVEL = 0;
				GCC_PREPROCESSOR_DEFINITIONS = (
					"DEBUG=1",
					"$(inherited)",
				);
				GCC_WARN_64_TO_32_BIT_CONVERSION = YES;
				GCC_WARN_ABOUT_RETURN_TYPE = YES_ERROR;
				GCC_WARN_UNDECLARED_SELECTOR = YES;
				GCC_WARN_UNINITIALIZED_AUTOS = YES_AGGRESSIVE;
				GCC_WARN_UNUSED_FUNCTION = YES;
				GCC_WARN_UNUSED_VARIABLE = YES;
				IPHONEOS_DEPLOYMENT_TARGET = 16.4;
				MTL_ENABLE_DEBUG_INFO = INCLUDE_SOURCE;
				MTL_FAST_MATH = YES;
				ONLY_ACTIVE_ARCH = YES;
				SDKROOT = iphoneos;
				SWIFT_ACTIVE_COMPILATION_CONDITIONS = DEBUG;
				SWIFT_OPTIMIZATION_LEVEL = "-Onone";
			};
			name = Debug;
		};
		5C2D4F3029F46E9700D33795 /* Release */ = {
			isa = XCBuildConfiguration;
			buildSettings = {
				ALWAYS_SEARCH_USER_PATHS = NO;
				CLANG_ANALYZER_NONNULL = YES;
				CLANG_ANALYZER_NUMBER_OBJECT_CONVERSION = YES_AGGRESSIVE;
				CLANG_CXX_LANGUAGE_STANDARD = "gnu++20";
				CLANG_ENABLE_MODULES = YES;
				CLANG_ENABLE_OBJC_ARC = YES;
				CLANG_ENABLE_OBJC_WEAK = YES;
				CLANG_WARN_BLOCK_CAPTURE_AUTORELEASING = YES;
				CLANG_WARN_BOOL_CONVERSION = YES;
				CLANG_WARN_COMMA = YES;
				CLANG_WARN_CONSTANT_CONVERSION = YES;
				CLANG_WARN_DEPRECATED_OBJC_IMPLEMENTATIONS = YES;
				CLANG_WARN_DIRECT_OBJC_ISA_USAGE = YES_ERROR;
				CLANG_WARN_DOCUMENTATION_COMMENTS = YES;
				CLANG_WARN_EMPTY_BODY = YES;
				CLANG_WARN_ENUM_CONVERSION = YES;
				CLANG_WARN_INFINITE_RECURSION = YES;
				CLANG_WARN_INT_CONVERSION = YES;
				CLANG_WARN_NON_LITERAL_NULL_CONVERSION = YES;
				CLANG_WARN_OBJC_IMPLICIT_RETAIN_SELF = YES;
				CLANG_WARN_OBJC_LITERAL_CONVERSION = YES;
				CLANG_WARN_OBJC_ROOT_CLASS = YES_ERROR;
				CLANG_WARN_QUOTED_INCLUDE_IN_FRAMEWORK_HEADER = YES;
				CLANG_WARN_RANGE_LOOP_ANALYSIS = YES;
				CLANG_WARN_STRICT_PROTOTYPES = YES;
				CLANG_WARN_SUSPICIOUS_MOVE = YES;
				CLANG_WARN_UNGUARDED_AVAILABILITY = YES_AGGRESSIVE;
				CLANG_WARN_UNREACHABLE_CODE = YES;
				CLANG_WARN__DUPLICATE_METHOD_MATCH = YES;
				COPY_PHASE_STRIP = NO;
				DEBUG_INFORMATION_FORMAT = "dwarf-with-dsym";
				ENABLE_NS_ASSERTIONS = NO;
				ENABLE_STRICT_OBJC_MSGSEND = YES;
				GCC_C_LANGUAGE_STANDARD = gnu11;
				GCC_NO_COMMON_BLOCKS = YES;
				GCC_WARN_64_TO_32_BIT_CONVERSION = YES;
				GCC_WARN_ABOUT_RETURN_TYPE = YES_ERROR;
				GCC_WARN_UNDECLARED_SELECTOR = YES;
				GCC_WARN_UNINITIALIZED_AUTOS = YES_AGGRESSIVE;
				GCC_WARN_UNUSED_FUNCTION = YES;
				GCC_WARN_UNUSED_VARIABLE = YES;
				IPHONEOS_DEPLOYMENT_TARGET = 16.4;
				MTL_ENABLE_DEBUG_INFO = NO;
				MTL_FAST_MATH = YES;
				SDKROOT = iphoneos;
				SWIFT_COMPILATION_MODE = wholemodule;
				SWIFT_OPTIMIZATION_LEVEL = "-O";
				VALIDATE_PRODUCT = YES;
			};
			name = Release;
		};
		5C2D4F3229F46E9700D33795 /* Debug */ = {
			isa = XCBuildConfiguration;
			buildSettings = {
				ASSETCATALOG_COMPILER_APPICON_NAME = AppIcon;
				ASSETCATALOG_COMPILER_GLOBAL_ACCENT_COLOR_NAME = AccentColor;
				CODE_SIGN_STYLE = Automatic;
				CURRENT_PROJECT_VERSION = 1;
				DEVELOPMENT_ASSET_PATHS = "\"sunset-app/Preview Content\"";
				ENABLE_PREVIEWS = YES;
				GENERATE_INFOPLIST_FILE = YES;
				INFOPLIST_KEY_UIApplicationSceneManifest_Generation = YES;
				INFOPLIST_KEY_UIApplicationSupportsIndirectInputEvents = YES;
				INFOPLIST_KEY_UILaunchScreen_Generation = YES;
				INFOPLIST_KEY_UISupportedInterfaceOrientations_iPad = "UIInterfaceOrientationPortrait UIInterfaceOrientationPortraitUpsideDown UIInterfaceOrientationLandscapeLeft UIInterfaceOrientationLandscapeRight";
				INFOPLIST_KEY_UISupportedInterfaceOrientations_iPhone = "UIInterfaceOrientationPortrait UIInterfaceOrientationLandscapeLeft UIInterfaceOrientationLandscapeRight";
				LD_RUNPATH_SEARCH_PATHS = (
					"$(inherited)",
					"@executable_path/Frameworks",
				);
				MARKETING_VERSION = 1.0;
				PRODUCT_BUNDLE_IDENTIFIER = "swiftys.sunset-app";
				PRODUCT_NAME = "$(TARGET_NAME)";
				SWIFT_EMIT_LOC_STRINGS = YES;
				SWIFT_VERSION = 5.0;
				TARGETED_DEVICE_FAMILY = "1,2";
			};
			name = Debug;
		};
		5C2D4F3329F46E9700D33795 /* Release */ = {
			isa = XCBuildConfiguration;
			buildSettings = {
				ASSETCATALOG_COMPILER_APPICON_NAME = AppIcon;
				ASSETCATALOG_COMPILER_GLOBAL_ACCENT_COLOR_NAME = AccentColor;
				CODE_SIGN_STYLE = Automatic;
				CURRENT_PROJECT_VERSION = 1;
				DEVELOPMENT_ASSET_PATHS = "\"sunset-app/Preview Content\"";
				ENABLE_PREVIEWS = YES;
				GENERATE_INFOPLIST_FILE = YES;
				INFOPLIST_KEY_UIApplicationSceneManifest_Generation = YES;
				INFOPLIST_KEY_UIApplicationSupportsIndirectInputEvents = YES;
				INFOPLIST_KEY_UILaunchScreen_Generation = YES;
				INFOPLIST_KEY_UISupportedInterfaceOrientations_iPad = "UIInterfaceOrientationPortrait UIInterfaceOrientationPortraitUpsideDown UIInterfaceOrientationLandscapeLeft UIInterfaceOrientationLandscapeRight";
				INFOPLIST_KEY_UISupportedInterfaceOrientations_iPhone = "UIInterfaceOrientationPortrait UIInterfaceOrientationLandscapeLeft UIInterfaceOrientationLandscapeRight";
				LD_RUNPATH_SEARCH_PATHS = (
					"$(inherited)",
					"@executable_path/Frameworks",
				);
				MARKETING_VERSION = 1.0;
				PRODUCT_BUNDLE_IDENTIFIER = "swiftys.sunset-app";
				PRODUCT_NAME = "$(TARGET_NAME)";
				SWIFT_EMIT_LOC_STRINGS = YES;
				SWIFT_VERSION = 5.0;
				TARGETED_DEVICE_FAMILY = "1,2";
			};
			name = Release;
		};
		5C2D4F3529F46E9700D33795 /* Debug */ = {
			isa = XCBuildConfiguration;
			buildSettings = {
				ALWAYS_EMBED_SWIFT_STANDARD_LIBRARIES = YES;
				BUNDLE_LOADER = "$(TEST_HOST)";
				CODE_SIGN_STYLE = Automatic;
				CURRENT_PROJECT_VERSION = 1;
				GENERATE_INFOPLIST_FILE = YES;
				IPHONEOS_DEPLOYMENT_TARGET = 16.4;
				MARKETING_VERSION = 1.0;
				PRODUCT_BUNDLE_IDENTIFIER = "swiftys.sunset-appTests";
				PRODUCT_NAME = "$(TARGET_NAME)";
				SWIFT_EMIT_LOC_STRINGS = NO;
				SWIFT_VERSION = 5.0;
				TARGETED_DEVICE_FAMILY = "1,2";
				TEST_HOST = "$(BUILT_PRODUCTS_DIR)/sunset-app.app/$(BUNDLE_EXECUTABLE_FOLDER_PATH)/sunset-app";
			};
			name = Debug;
		};
		5C2D4F3629F46E9700D33795 /* Release */ = {
			isa = XCBuildConfiguration;
			buildSettings = {
				ALWAYS_EMBED_SWIFT_STANDARD_LIBRARIES = YES;
				BUNDLE_LOADER = "$(TEST_HOST)";
				CODE_SIGN_STYLE = Automatic;
				CURRENT_PROJECT_VERSION = 1;
				GENERATE_INFOPLIST_FILE = YES;
				IPHONEOS_DEPLOYMENT_TARGET = 16.4;
				MARKETING_VERSION = 1.0;
				PRODUCT_BUNDLE_IDENTIFIER = "swiftys.sunset-appTests";
				PRODUCT_NAME = "$(TARGET_NAME)";
				SWIFT_EMIT_LOC_STRINGS = NO;
				SWIFT_VERSION = 5.0;
				TARGETED_DEVICE_FAMILY = "1,2";
				TEST_HOST = "$(BUILT_PRODUCTS_DIR)/sunset-app.app/$(BUNDLE_EXECUTABLE_FOLDER_PATH)/sunset-app";
			};
			name = Release;
		};
		5C2D4F3829F46E9700D33795 /* Debug */ = {
			isa = XCBuildConfiguration;
			buildSettings = {
				ALWAYS_EMBED_SWIFT_STANDARD_LIBRARIES = YES;
				CODE_SIGN_STYLE = Automatic;
				CURRENT_PROJECT_VERSION = 1;
				GENERATE_INFOPLIST_FILE = YES;
				MARKETING_VERSION = 1.0;
				PRODUCT_BUNDLE_IDENTIFIER = "swiftys.sunset-appUITests";
				PRODUCT_NAME = "$(TARGET_NAME)";
				SWIFT_EMIT_LOC_STRINGS = NO;
				SWIFT_VERSION = 5.0;
				TARGETED_DEVICE_FAMILY = "1,2";
				TEST_TARGET_NAME = "sunset-app";
			};
			name = Debug;
		};
		5C2D4F3929F46E9700D33795 /* Release */ = {
			isa = XCBuildConfiguration;
			buildSettings = {
				ALWAYS_EMBED_SWIFT_STANDARD_LIBRARIES = YES;
				CODE_SIGN_STYLE = Automatic;
				CURRENT_PROJECT_VERSION = 1;
				GENERATE_INFOPLIST_FILE = YES;
				MARKETING_VERSION = 1.0;
				PRODUCT_BUNDLE_IDENTIFIER = "swiftys.sunset-appUITests";
				PRODUCT_NAME = "$(TARGET_NAME)";
				SWIFT_EMIT_LOC_STRINGS = NO;
				SWIFT_VERSION = 5.0;
				TARGETED_DEVICE_FAMILY = "1,2";
				TEST_TARGET_NAME = "sunset-app";
			};
			name = Release;
		};
/* End XCBuildConfiguration section */

/* Begin XCConfigurationList section */
		5C2D4F0829F46E9600D33795 /* Build configuration list for PBXProject "sunset-app" */ = {
			isa = XCConfigurationList;
			buildConfigurations = (
				5C2D4F2F29F46E9700D33795 /* Debug */,
				5C2D4F3029F46E9700D33795 /* Release */,
			);
			defaultConfigurationIsVisible = 0;
			defaultConfigurationName = Release;
		};
		5C2D4F3129F46E9700D33795 /* Build configuration list for PBXNativeTarget "sunset-app" */ = {
			isa = XCConfigurationList;
			buildConfigurations = (
				5C2D4F3229F46E9700D33795 /* Debug */,
				5C2D4F3329F46E9700D33795 /* Release */,
			);
			defaultConfigurationIsVisible = 0;
			defaultConfigurationName = Release;
		};
		5C2D4F3429F46E9700D33795 /* Build configuration list for PBXNativeTarget "sunset-appTests" */ = {
			isa = XCConfigurationList;
			buildConfigurations = (
				5C2D4F3529F46E9700D33795 /* Debug */,
				5C2D4F3629F46E9700D33795 /* Release */,
			);
			defaultConfigurationIsVisible = 0;
			defaultConfigurationName = Release;
		};
		5C2D4F3729F46E9700D33795 /* Build configuration list for PBXNativeTarget "sunset-appUITests" */ = {
			isa = XCConfigurationList;
			buildConfigurations = (
				5C2D4F3829F46E9700D33795 /* Debug */,
				5C2D4F3929F46E9700D33795 /* Release */,
			);
			defaultConfigurationIsVisible = 0;
			defaultConfigurationName = Release;
		};
/* End XCConfigurationList section */
	};
	rootObject = 5C2D4F0529F46E9600D33795 /* Project object */;
}
